
Microsoft Visual Studio Solution File, Format Version 12.00
# Visual Studio Version 17
VisualStudioVersion = 17.6.33723.286
MinimumVisualStudioVersion = 10.0.40219.1
Project("{FAE04EC0-301F-11D3-BF4B-00C04F79EFBC}") = "MvcMovie", "MvcMovie.csproj", "{F1E3FE06-224B-4A2E-8C6E-316444349114}"
EndProject
Global
	GlobalSection(SolutionConfigurationPlatforms) = preSolution
		Debug|Any CPU = Debug|Any CPU
		Release|Any CPU = Release|Any CPU
	EndGlobalSection
	GlobalSection(ProjectConfigurationPlatforms) = postSolution
		{F1E3FE06-224B-4A2E-8C6E-316444349114}.Debug|Any CPU.ActiveCfg = Debug|Any CPU
		{F1E3FE06-224B-4A2E-8C6E-316444349114}.Debug|Any CPU.Build.0 = Debug|Any CPU
		{F1E3FE06-224B-4A2E-8C6E-316444349114}.Release|Any CPU.ActiveCfg = Release|Any CPU
		{F1E3FE06-224B-4A2E-8C6E-316444349114}.Release|Any CPU.Build.0 = Release|Any CPU
	EndGlobalSection
	GlobalSection(SolutionProperties) = preSolution
		HideSolutionNode = FALSE
	EndGlobalSection
	GlobalSection(ExtensibilityGlobals) = postSolution
		SolutionGuid = {D9436491-56BA-4539-82C6-1D8790180CDF}
	EndGlobalSection
EndGlobal
